// !$*UTF8*$!
{
	archiveVersion = 1;
	classes = {
	};
	objectVersion = 48;
	objects = {

/* Begin PBXBuildFile section */
		E9682C27213DE0F0008835CD /* TripModel.swift in Sources */ = {isa = PBXBuildFile; fileRef = E9682C26213DE0F0008835CD /* TripModel.swift */; };
		E9682C29213DE10A008835CD /* TripFunctions.swift in Sources */ = {isa = PBXBuildFile; fileRef = E9682C28213DE10A008835CD /* TripFunctions.swift */; };
		E9682C2B213DF1A2008835CD /* Data.swift in Sources */ = {isa = PBXBuildFile; fileRef = E9682C2A213DF1A2008835CD /* Data.swift */; };
		E9682C3B2143066C008835CD /* TripsViewController.storyboard in Resources */ = {isa = PBXBuildFile; fileRef = E9682C3A2143066C008835CD /* TripsViewController.storyboard */; };
		E9682C3D21430683008835CD /* TripsViewController.swift in Sources */ = {isa = PBXBuildFile; fileRef = E9682C3C21430683008835CD /* TripsViewController.swift */; };
		E9682C3F21432546008835CD /* TripsTableViewCell.swift in Sources */ = {isa = PBXBuildFile; fileRef = E9682C3E21432546008835CD /* TripsTableViewCell.swift */; };
		E9682C4221438E6F008835CD /* UIViewExtensions.swift in Sources */ = {isa = PBXBuildFile; fileRef = E9682C4121438E6F008835CD /* UIViewExtensions.swift */; };
		E9682C4521446847008835CD /* colors.xcassets in Resources */ = {isa = PBXBuildFile; fileRef = E9682C4421446847008835CD /* colors.xcassets */; };
		E9682C47214469D8008835CD /* Theme.swift in Sources */ = {isa = PBXBuildFile; fileRef = E9682C46214469D8008835CD /* Theme.swift */; };
		E9682C49214487EE008835CD /* UIButtonExtension.swift in Sources */ = {isa = PBXBuildFile; fileRef = E9682C48214487EE008835CD /* UIButtonExtension.swift */; };
		E9682C4B2144E6B3008835CD /* AddTripViewController.storyboard in Resources */ = {isa = PBXBuildFile; fileRef = E9682C4A2144E6B3008835CD /* AddTripViewController.storyboard */; };
		E9682C4E2144E760008835CD /* AddTripViewController.swift in Sources */ = {isa = PBXBuildFile; fileRef = E9682C4D2144E760008835CD /* AddTripViewController.swift */; };
		E9682C512144F3F7008835CD /* PopupUIView.swift in Sources */ = {isa = PBXBuildFile; fileRef = E9682C502144F3F7008835CD /* PopupUIView.swift */; };
		E9682C53214500BF008835CD /* AppUIButton.swift in Sources */ = {isa = PBXBuildFile; fileRef = E9682C52214500BF008835CD /* AppUIButton.swift */; };
		E9BD7EFE213CF0BD00F3EA85 /* AppDelegate.swift in Sources */ = {isa = PBXBuildFile; fileRef = E9BD7EFD213CF0BD00F3EA85 /* AppDelegate.swift */; };
		E9BD7F05213CF0BD00F3EA85 /* Assets.xcassets in Resources */ = {isa = PBXBuildFile; fileRef = E9BD7F04213CF0BD00F3EA85 /* Assets.xcassets */; };
		E9BD7F08213CF0BD00F3EA85 /* LaunchScreen.storyboard in Resources */ = {isa = PBXBuildFile; fileRef = E9BD7F06213CF0BD00F3EA85 /* LaunchScreen.storyboard */; };
/* End PBXBuildFile section */

/* Begin PBXFileReference section */
		E9682C26213DE0F0008835CD /* TripModel.swift */ = {isa = PBXFileReference; lastKnownFileType = sourcecode.swift; path = TripModel.swift; sourceTree = "<group>"; };
		E9682C28213DE10A008835CD /* TripFunctions.swift */ = {isa = PBXFileReference; lastKnownFileType = sourcecode.swift; path = TripFunctions.swift; sourceTree = "<group>"; };
		E9682C2A213DF1A2008835CD /* Data.swift */ = {isa = PBXFileReference; lastKnownFileType = sourcecode.swift; path = Data.swift; sourceTree = "<group>"; };
		E9682C3A2143066C008835CD /* TripsViewController.storyboard */ = {isa = PBXFileReference; lastKnownFileType = file.storyboard; path = TripsViewController.storyboard; sourceTree = "<group>"; };
		E9682C3C21430683008835CD /* TripsViewController.swift */ = {isa = PBXFileReference; lastKnownFileType = sourcecode.swift; path = TripsViewController.swift; sourceTree = "<group>"; };
		E9682C3E21432546008835CD /* TripsTableViewCell.swift */ = {isa = PBXFileReference; lastKnownFileType = sourcecode.swift; path = TripsTableViewCell.swift; sourceTree = "<group>"; };
		E9682C4121438E6F008835CD /* UIViewExtensions.swift */ = {isa = PBXFileReference; lastKnownFileType = sourcecode.swift; path = UIViewExtensions.swift; sourceTree = "<group>"; };
		E9682C4421446847008835CD /* colors.xcassets */ = {isa = PBXFileReference; lastKnownFileType = folder.assetcatalog; path = colors.xcassets; sourceTree = "<group>"; };
		E9682C46214469D8008835CD /* Theme.swift */ = {isa = PBXFileReference; lastKnownFileType = sourcecode.swift; path = Theme.swift; sourceTree = "<group>"; };
		E9682C48214487EE008835CD /* UIButtonExtension.swift */ = {isa = PBXFileReference; lastKnownFileType = sourcecode.swift; path = UIButtonExtension.swift; sourceTree = "<group>"; };
		E9682C4A2144E6B3008835CD /* AddTripViewController.storyboard */ = {isa = PBXFileReference; fileEncoding = 4; lastKnownFileType = file.storyboard; path = AddTripViewController.storyboard; sourceTree = "<group>"; };
		E9682C4D2144E760008835CD /* AddTripViewController.swift */ = {isa = PBXFileReference; lastKnownFileType = sourcecode.swift; path = AddTripViewController.swift; sourceTree = "<group>"; };
		E9682C502144F3F7008835CD /* PopupUIView.swift */ = {isa = PBXFileReference; lastKnownFileType = sourcecode.swift; path = PopupUIView.swift; sourceTree = "<group>"; };
		E9682C52214500BF008835CD /* AppUIButton.swift */ = {isa = PBXFileReference; lastKnownFileType = sourcecode.swift; path = AppUIButton.swift; sourceTree = "<group>"; };
		E9BD7EFA213CF0BD00F3EA85 /* Itinerary.app */ = {isa = PBXFileReference; explicitFileType = wrapper.application; includeInIndex = 0; path = Itinerary.app; sourceTree = BUILT_PRODUCTS_DIR; };
		E9BD7EFD213CF0BD00F3EA85 /* AppDelegate.swift */ = {isa = PBXFileReference; lastKnownFileType = sourcecode.swift; path = AppDelegate.swift; sourceTree = "<group>"; };
		E9BD7F04213CF0BD00F3EA85 /* Assets.xcassets */ = {isa = PBXFileReference; lastKnownFileType = folder.assetcatalog; path = Assets.xcassets; sourceTree = "<group>"; };
		E9BD7F07213CF0BD00F3EA85 /* Base */ = {isa = PBXFileReference; lastKnownFileType = file.storyboard; name = Base; path = Base.lproj/LaunchScreen.storyboard; sourceTree = "<group>"; };
		E9BD7F09213CF0BD00F3EA85 /* Info.plist */ = {isa = PBXFileReference; lastKnownFileType = text.plist.xml; path = Info.plist; sourceTree = "<group>"; };
/* End PBXFileReference section */

/* Begin PBXFrameworksBuildPhase section */
		E9BD7EF7213CF0BD00F3EA85 /* Frameworks */ = {
			isa = PBXFrameworksBuildPhase;
			buildActionMask = 2147483647;
			files = (
			);
			runOnlyForDeploymentPostprocessing = 0;
		};
/* End PBXFrameworksBuildPhase section */

/* Begin PBXGroup section */
		E9682C24213DE0BB008835CD /* Model */ = {
			isa = PBXGroup;
			children = (
				E9682C2A213DF1A2008835CD /* Data.swift */,
				E9682C25213DE0C8008835CD /* Trip */,
			);
			path = Model;
			sourceTree = "<group>";
		};
		E9682C25213DE0C8008835CD /* Trip */ = {
			isa = PBXGroup;
			children = (
				E9682C26213DE0F0008835CD /* TripModel.swift */,
				E9682C28213DE10A008835CD /* TripFunctions.swift */,
			);
			path = Trip;
			sourceTree = "<group>";
		};
		E9682C2C213DFA70008835CD /* Views */ = {
			isa = PBXGroup;
			children = (
				E9682C4C2144E6DE008835CD /* AddTripViewController */,
				E9682C2D213DFA88008835CD /* TripsViewController */,
			);
			path = Views;
			sourceTree = "<group>";
		};
		E9682C2D213DFA88008835CD /* TripsViewController */ = {
			isa = PBXGroup;
			children = (
				E9682C3A2143066C008835CD /* TripsViewController.storyboard */,
				E9682C3C21430683008835CD /* TripsViewController.swift */,
				E9682C3E21432546008835CD /* TripsTableViewCell.swift */,
			);
			path = TripsViewController;
			sourceTree = "<group>";
		};
		E9682C4021438E16008835CD /* Extensions */ = {
			isa = PBXGroup;
			children = (
				E9682C4121438E6F008835CD /* UIViewExtensions.swift */,
				E9682C48214487EE008835CD /* UIButtonExtension.swift */,
			);
			path = Extensions;
			sourceTree = "<group>";
		};
		E9682C4321446809008835CD /* Resources */ = {
			isa = PBXGroup;
			children = (
				E9682C4F2144F2E5008835CD /* CustomControls */,
				E9682C4021438E16008835CD /* Extensions */,
				E9682C4421446847008835CD /* colors.xcassets */,
				E9682C46214469D8008835CD /* Theme.swift */,
			);
			path = Resources;
			sourceTree = "<group>";
		};
		E9682C4C2144E6DE008835CD /* AddTripViewController */ = {
			isa = PBXGroup;
			children = (
				E9682C4A2144E6B3008835CD /* AddTripViewController.storyboard */,
				E9682C4D2144E760008835CD /* AddTripViewController.swift */,
			);
			path = AddTripViewController;
			sourceTree = "<group>";
		};
		E9682C4F2144F2E5008835CD /* CustomControls */ = {
			isa = PBXGroup;
			children = (
				E9682C502144F3F7008835CD /* PopupUIView.swift */,
				E9682C52214500BF008835CD /* AppUIButton.swift */,
			);
			path = CustomControls;
			sourceTree = "<group>";
		};
		E9BD7EF1213CF0BC00F3EA85 = {
			isa = PBXGroup;
			children = (
				E9BD7EFC213CF0BD00F3EA85 /* Itinerary */,
				E9BD7EFB213CF0BD00F3EA85 /* Products */,
			);
			sourceTree = "<group>";
		};
		E9BD7EFB213CF0BD00F3EA85 /* Products */ = {
			isa = PBXGroup;
			children = (
				E9BD7EFA213CF0BD00F3EA85 /* Itinerary.app */,
			);
			name = Products;
			sourceTree = "<group>";
		};
		E9BD7EFC213CF0BD00F3EA85 /* Itinerary */ = {
			isa = PBXGroup;
			children = (
				E9682C4321446809008835CD /* Resources */,
				E9682C24213DE0BB008835CD /* Model */,
				E9682C2C213DFA70008835CD /* Views */,
				E9BD7EFD213CF0BD00F3EA85 /* AppDelegate.swift */,
				E9BD7F04213CF0BD00F3EA85 /* Assets.xcassets */,
				E9BD7F06213CF0BD00F3EA85 /* LaunchScreen.storyboard */,
				E9BD7F09213CF0BD00F3EA85 /* Info.plist */,
			);
			path = Itinerary;
			sourceTree = "<group>";
		};
/* End PBXGroup section */

/* Begin PBXNativeTarget section */
		E9BD7EF9213CF0BD00F3EA85 /* Itinerary */ = {
			isa = PBXNativeTarget;
			buildConfigurationList = E9BD7F0C213CF0BD00F3EA85 /* Build configuration list for PBXNativeTarget "Itinerary" */;
			buildPhases = (
				E9BD7EF6213CF0BD00F3EA85 /* Sources */,
				E9BD7EF7213CF0BD00F3EA85 /* Frameworks */,
				E9BD7EF8213CF0BD00F3EA85 /* Resources */,
			);
			buildRules = (
			);
			dependencies = (
			);
			name = Itinerary;
			productName = Itinerary;
			productReference = E9BD7EFA213CF0BD00F3EA85 /* Itinerary.app */;
			productType = "com.apple.product-type.application";
		};
/* End PBXNativeTarget section */

/* Begin PBXProject section */
		E9BD7EF2213CF0BC00F3EA85 /* Project object */ = {
			isa = PBXProject;
			attributes = {
				LastSwiftUpdateCheck = 0920;
				LastUpgradeCheck = 0940;
				ORGANIZATIONNAME = "Naval Jassi";
				TargetAttributes = {
					E9BD7EF9213CF0BD00F3EA85 = {
						CreatedOnToolsVersion = 9.2;
						ProvisioningStyle = Automatic;
					};
				};
			};
			buildConfigurationList = E9BD7EF5213CF0BC00F3EA85 /* Build configuration list for PBXProject "Itinerary" */;
			compatibilityVersion = "Xcode 8.0";
			developmentRegion = en;
			hasScannedForEncodings = 0;
			knownRegions = (
				en,
				Base,
			);
			mainGroup = E9BD7EF1213CF0BC00F3EA85;
			productRefGroup = E9BD7EFB213CF0BD00F3EA85 /* Products */;
			projectDirPath = "";
			projectRoot = "";
			targets = (
				E9BD7EF9213CF0BD00F3EA85 /* Itinerary */,
			);
		};
/* End PBXProject section */

/* Begin PBXResourcesBuildPhase section */
		E9BD7EF8213CF0BD00F3EA85 /* Resources */ = {
			isa = PBXResourcesBuildPhase;
			buildActionMask = 2147483647;
			files = (
				E9BD7F08213CF0BD00F3EA85 /* LaunchScreen.storyboard in Resources */,
				E9682C4521446847008835CD /* colors.xcassets in Resources */,
				E9682C3B2143066C008835CD /* TripsViewController.storyboard in Resources */,
				E9682C4B2144E6B3008835CD /* AddTripViewController.storyboard in Resources */,
				E9BD7F05213CF0BD00F3EA85 /* Assets.xcassets in Resources */,
			);
			runOnlyForDeploymentPostprocessing = 0;
		};
/* End PBXResourcesBuildPhase section */

/* Begin PBXSourcesBuildPhase section */
		E9BD7EF6213CF0BD00F3EA85 /* Sources */ = {
			isa = PBXSourcesBuildPhase;
			buildActionMask = 2147483647;
			files = (
				E9682C3F21432546008835CD /* TripsTableViewCell.swift in Sources */,
				E9682C4221438E6F008835CD /* UIViewExtensions.swift in Sources */,
				E9682C2B213DF1A2008835CD /* Data.swift in Sources */,
				E9BD7EFE213CF0BD00F3EA85 /* AppDelegate.swift in Sources */,
				E9682C29213DE10A008835CD /* TripFunctions.swift in Sources */,
				E9682C4E2144E760008835CD /* AddTripViewController.swift in Sources */,
				E9682C49214487EE008835CD /* UIButtonExtension.swift in Sources */,
				E9682C53214500BF008835CD /* AppUIButton.swift in Sources */,
				E9682C47214469D8008835CD /* Theme.swift in Sources */,
				E9682C27213DE0F0008835CD /* TripModel.swift in Sources */,
				E9682C3D21430683008835CD /* TripsViewController.swift in Sources */,
				E9682C512144F3F7008835CD /* PopupUIView.swift in Sources */,
			);
			runOnlyForDeploymentPostprocessing = 0;
		};
/* End PBXSourcesBuildPhase section */

/* Begin PBXVariantGroup section */
		E9BD7F06213CF0BD00F3EA85 /* LaunchScreen.storyboard */ = {
			isa = PBXVariantGroup;
			children = (
				E9BD7F07213CF0BD00F3EA85 /* Base */,
			);
			name = LaunchScreen.storyboard;
			sourceTree = "<group>";
		};
/* End PBXVariantGroup section */

/* Begin XCBuildConfiguration section */
		E9BD7F0A213CF0BD00F3EA85 /* Debug */ = {
			isa = XCBuildConfiguration;
			buildSettings = {
				ALWAYS_SEARCH_USER_PATHS = NO;
				CLANG_ANALYZER_NONNULL = YES;
				CLANG_ANALYZER_NUMBER_OBJECT_CONVERSION = YES_AGGRESSIVE;
				CLANG_CXX_LANGUAGE_STANDARD = "gnu++14";
				CLANG_CXX_LIBRARY = "libc++";
				CLANG_ENABLE_MODULES = YES;
				CLANG_ENABLE_OBJC_ARC = YES;
				CLANG_WARN_BLOCK_CAPTURE_AUTORELEASING = YES;
				CLANG_WARN_BOOL_CONVERSION = YES;
				CLANG_WARN_COMMA = YES;
				CLANG_WARN_CONSTANT_CONVERSION = YES;
				CLANG_WARN_DEPRECATED_OBJC_IMPLEMENTATIONS = YES;
				CLANG_WARN_DIRECT_OBJC_ISA_USAGE = YES_ERROR;
				CLANG_WARN_DOCUMENTATION_COMMENTS = YES;
				CLANG_WARN_EMPTY_BODY = YES;
				CLANG_WARN_ENUM_CONVERSION = YES;
				CLANG_WARN_INFINITE_RECURSION = YES;
				CLANG_WARN_INT_CONVERSION = YES;
				CLANG_WARN_NON_LITERAL_NULL_CONVERSION = YES;
				CLANG_WARN_OBJC_IMPLICIT_RETAIN_SELF = YES;
				CLANG_WARN_OBJC_LITERAL_CONVERSION = YES;
				CLANG_WARN_OBJC_ROOT_CLASS = YES_ERROR;
				CLANG_WARN_RANGE_LOOP_ANALYSIS = YES;
				CLANG_WARN_STRICT_PROTOTYPES = YES;
				CLANG_WARN_SUSPICIOUS_MOVE = YES;
				CLANG_WARN_UNGUARDED_AVAILABILITY = YES_AGGRESSIVE;
				CLANG_WARN_UNREACHABLE_CODE = YES;
				CLANG_WARN__DUPLICATE_METHOD_MATCH = YES;
				CODE_SIGN_IDENTITY = "iPhone Developer";
				COPY_PHASE_STRIP = NO;
				DEBUG_INFORMATION_FORMAT = dwarf;
				ENABLE_STRICT_OBJC_MSGSEND = YES;
				ENABLE_TESTABILITY = YES;
				GCC_C_LANGUAGE_STANDARD = gnu11;
				GCC_DYNAMIC_NO_PIC = NO;
				GCC_NO_COMMON_BLOCKS = YES;
				GCC_OPTIMIZATION_LEVEL = 0;
				GCC_PREPROCESSOR_DEFINITIONS = (
					"DEBUG=1",
					"$(inherited)",
				);
				GCC_WARN_64_TO_32_BIT_CONVERSION = YES;
				GCC_WARN_ABOUT_RETURN_TYPE = YES_ERROR;
				GCC_WARN_UNDECLARED_SELECTOR = YES;
				GCC_WARN_UNINITIALIZED_AUTOS = YES_AGGRESSIVE;
				GCC_WARN_UNUSED_FUNCTION = YES;
				GCC_WARN_UNUSED_VARIABLE = YES;
				IPHONEOS_DEPLOYMENT_TARGET = 11.2;
				MTL_ENABLE_DEBUG_INFO = YES;
				ONLY_ACTIVE_ARCH = YES;
				SDKROOT = iphoneos;
				SWIFT_ACTIVE_COMPILATION_CONDITIONS = DEBUG;
				SWIFT_OPTIMIZATION_LEVEL = "-Onone";
			};
			name = Debug;
		};
		E9BD7F0B213CF0BD00F3EA85 /* Release */ = {
			isa = XCBuildConfiguration;
			buildSettings = {
				ALWAYS_SEARCH_USER_PATHS = NO;
				CLANG_ANALYZER_NONNULL = YES;
				CLANG_ANALYZER_NUMBER_OBJECT_CONVERSION = YES_AGGRESSIVE;
				CLANG_CXX_LANGUAGE_STANDARD = "gnu++14";
				CLANG_CXX_LIBRARY = "libc++";
				CLANG_ENABLE_MODULES = YES;
				CLANG_ENABLE_OBJC_ARC = YES;
				CLANG_WARN_BLOCK_CAPTURE_AUTORELEASING = YES;
				CLANG_WARN_BOOL_CONVERSION = YES;
				CLANG_WARN_COMMA = YES;
				CLANG_WARN_CONSTANT_CONVERSION = YES;
				CLANG_WARN_DEPRECATED_OBJC_IMPLEMENTATIONS = YES;
				CLANG_WARN_DIRECT_OBJC_ISA_USAGE = YES_ERROR;
				CLANG_WARN_DOCUMENTATION_COMMENTS = YES;
				CLANG_WARN_EMPTY_BODY = YES;
				CLANG_WARN_ENUM_CONVERSION = YES;
				CLANG_WARN_INFINITE_RECURSION = YES;
				CLANG_WARN_INT_CONVERSION = YES;
				CLANG_WARN_NON_LITERAL_NULL_CONVERSION = YES;
				CLANG_WARN_OBJC_IMPLICIT_RETAIN_SELF = YES;
				CLANG_WARN_OBJC_LITERAL_CONVERSION = YES;
				CLANG_WARN_OBJC_ROOT_CLASS = YES_ERROR;
				CLANG_WARN_RANGE_LOOP_ANALYSIS = YES;
				CLANG_WARN_STRICT_PROTOTYPES = YES;
				CLANG_WARN_SUSPICIOUS_MOVE = YES;
				CLANG_WARN_UNGUARDED_AVAILABILITY = YES_AGGRESSIVE;
				CLANG_WARN_UNREACHABLE_CODE = YES;
				CLANG_WARN__DUPLICATE_METHOD_MATCH = YES;
				CODE_SIGN_IDENTITY = "iPhone Developer";
				COPY_PHASE_STRIP = NO;
				DEBUG_INFORMATION_FORMAT = "dwarf-with-dsym";
				ENABLE_NS_ASSERTIONS = NO;
				ENABLE_STRICT_OBJC_MSGSEND = YES;
				GCC_C_LANGUAGE_STANDARD = gnu11;
				GCC_NO_COMMON_BLOCKS = YES;
				GCC_WARN_64_TO_32_BIT_CONVERSION = YES;
				GCC_WARN_ABOUT_RETURN_TYPE = YES_ERROR;
				GCC_WARN_UNDECLARED_SELECTOR = YES;
				GCC_WARN_UNINITIALIZED_AUTOS = YES_AGGRESSIVE;
				GCC_WARN_UNUSED_FUNCTION = YES;
				GCC_WARN_UNUSED_VARIABLE = YES;
				IPHONEOS_DEPLOYMENT_TARGET = 11.2;
				MTL_ENABLE_DEBUG_INFO = NO;
				SDKROOT = iphoneos;
				SWIFT_OPTIMIZATION_LEVEL = "-Owholemodule";
				VALIDATE_PRODUCT = YES;
			};
			name = Release;
		};
		E9BD7F0D213CF0BD00F3EA85 /* Debug */ = {
			isa = XCBuildConfiguration;
			buildSettings = {
				ASSETCATALOG_COMPILER_APPICON_NAME = AppIcon;
				CODE_SIGN_STYLE = Automatic;
				INFOPLIST_FILE = Itinerary/Info.plist;
				LD_RUNPATH_SEARCH_PATHS = "$(inherited) @executable_path/Frameworks";
				PRODUCT_BUNDLE_IDENTIFIER = com.navaljassi.Itinerary;
				PRODUCT_NAME = "$(TARGET_NAME)";
				SWIFT_VERSION = 4.0;
				TARGETED_DEVICE_FAMILY = "1,2";
			};
			name = Debug;
		};
		E9BD7F0E213CF0BD00F3EA85 /* Release */ = {
			isa = XCBuildConfiguration;
			buildSettings = {
				ASSETCATALOG_COMPILER_APPICON_NAME = AppIcon;
				CODE_SIGN_STYLE = Automatic;
				INFOPLIST_FILE = Itinerary/Info.plist;
				LD_RUNPATH_SEARCH_PATHS = "$(inherited) @executable_path/Frameworks";
				PRODUCT_BUNDLE_IDENTIFIER = com.navaljassi.Itinerary;
				PRODUCT_NAME = "$(TARGET_NAME)";
				SWIFT_VERSION = 4.0;
				TARGETED_DEVICE_FAMILY = "1,2";
			};
			name = Release;
		};
/* End XCBuildConfiguration section */

/* Begin XCConfigurationList section */
		E9BD7EF5213CF0BC00F3EA85 /* Build configuration list for PBXProject "Itinerary" */ = {
			isa = XCConfigurationList;
			buildConfigurations = (
				E9BD7F0A213CF0BD00F3EA85 /* Debug */,
				E9BD7F0B213CF0BD00F3EA85 /* Release */,
			);
			defaultConfigurationIsVisible = 0;
			defaultConfigurationName = Release;
		};
		E9BD7F0C213CF0BD00F3EA85 /* Build configuration list for PBXNativeTarget "Itinerary" */ = {
			isa = XCConfigurationList;
			buildConfigurations = (
				E9BD7F0D213CF0BD00F3EA85 /* Debug */,
				E9BD7F0E213CF0BD00F3EA85 /* Release */,
			);
			defaultConfigurationIsVisible = 0;
			defaultConfigurationName = Release;
		};
/* End XCConfigurationList section */
	};
	rootObject = E9BD7EF2213CF0BC00F3EA85 /* Project object */;
}
